
Microsoft Visual Studio Solution File, Format Version 12.00
# Visual Studio 15
VisualStudioVersion = 15.0.27428.2027
MinimumVisualStudioVersion = 10.0.40219.1
Project("{9A19103F-16F7-4668-BE54-9A1E7A4F7556}") = "Core", "Core\Core.csproj", "{B99A0C9C-4E76-4DAD-BF20-78EF46DE7E96}"
EndProject
Project("{9A19103F-16F7-4668-BE54-9A1E7A4F7556}") = "Core.Tests", "Core.Tests\Core.Tests.csproj", "{B0D57FEA-18D8-4508-B02D-CF0EEE51A678}"
EndProject
Global
	GlobalSection(SolutionConfigurationPlatforms) = preSolution
		Debug|Any CPU = Debug|Any CPU
		Release|Any CPU = Release|Any CPU
	EndGlobalSection
	GlobalSection(ProjectConfigurationPlatforms) = postSolution
		{B99A0C9C-4E76-4DAD-BF20-78EF46DE7E96}.Debug|Any CPU.ActiveCfg = Debug|Any CPU
		{B99A0C9C-4E76-4DAD-BF20-78EF46DE7E96}.Debug|Any CPU.Build.0 = Debug|Any CPU
		{B99A0C9C-4E76-4DAD-BF20-78EF46DE7E96}.Release|Any CPU.ActiveCfg = Release|Any CPU
		{B99A0C9C-4E76-4DAD-BF20-78EF46DE7E96}.Release|Any CPU.Build.0 = Release|Any CPU
		{B0D57FEA-18D8-4508-B02D-CF0EEE51A678}.Debug|Any CPU.ActiveCfg = Debug|Any CPU
		{B0D57FEA-18D8-4508-B02D-CF0EEE51A678}.Debug|Any CPU.Build.0 = Debug|Any CPU
		{B0D57FEA-18D8-4508-B02D-CF0EEE51A678}.Release|Any CPU.ActiveCfg = Release|Any CPU
		{B0D57FEA-18D8-4508-B02D-CF0EEE51A678}.Release|Any CPU.Build.0 = Release|Any CPU
	EndGlobalSection
	GlobalSection(SolutionProperties) = preSolution
		HideSolutionNode = FALSE
	EndGlobalSection
	GlobalSection(ExtensibilityGlobals) = postSolution
		SolutionGuid = {57164547-ADD2-4822-AF96-F55B2CFE90D1}
	EndGlobalSection
EndGlobal
